
Microsoft Visual Studio Solution File, Format Version 12.00
# Visual Studio Version 17
VisualStudioVersion = 17.1.32421.90
MinimumVisualStudioVersion = 10.0.40219.1
Project("{FAE04EC0-301F-11D3-BF4B-00C04F79EFBC}") = "WinForms_TBG", "WinForms_TBG\WinForms_TBG.csproj", "{033FF4CA-5CDC-43E5-810B-70F94DB2A7F9}"
EndProject
Global
	GlobalSection(SolutionConfigurationPlatforms) = preSolution
		Debug|Any CPU = Debug|Any CPU
		Release|Any CPU = Release|Any CPU
	EndGlobalSection
	GlobalSection(ProjectConfigurationPlatforms) = postSolution
		{033FF4CA-5CDC-43E5-810B-70F94DB2A7F9}.Debug|Any CPU.ActiveCfg = Debug|Any CPU
		{033FF4CA-5CDC-43E5-810B-70F94DB2A7F9}.Debug|Any CPU.Build.0 = Debug|Any CPU
		{033FF4CA-5CDC-43E5-810B-70F94DB2A7F9}.Release|Any CPU.ActiveCfg = Release|Any CPU
		{033FF4CA-5CDC-43E5-810B-70F94DB2A7F9}.Release|Any CPU.Build.0 = Release|Any CPU
	EndGlobalSection
	GlobalSection(SolutionProperties) = preSolution
		HideSolutionNode = FALSE
	EndGlobalSection
	GlobalSection(ExtensibilityGlobals) = postSolution
		SolutionGuid = {01D4B82E-1294-4B35-BD0C-3C85992B7C4B}
	EndGlobalSection
EndGlobal
